
Microsoft Visual Studio Solution File, Format Version 12.00
# Visual Studio Version 17
VisualStudioVersion = 17.5.33424.131
MinimumVisualStudioVersion = 10.0.40219.1
Project("{FAE04EC0-301F-11D3-BF4B-00C04F79EFBC}") = "WinFormPrac31-2", "WinFormPrac31-2\WinFormPrac31-2.csproj", "{2CF1A469-6BF5-425F-9F3D-144291225ACA}"
EndProject
Global
	GlobalSection(SolutionConfigurationPlatforms) = preSolution
		Debug|Any CPU = Debug|Any CPU
		Release|Any CPU = Release|Any CPU
	EndGlobalSection
	GlobalSection(ProjectConfigurationPlatforms) = postSolution
		{2CF1A469-6BF5-425F-9F3D-144291225ACA}.Debug|Any CPU.ActiveCfg = Debug|Any CPU
		{2CF1A469-6BF5-425F-9F3D-144291225ACA}.Debug|Any CPU.Build.0 = Debug|Any CPU
		{2CF1A469-6BF5-425F-9F3D-144291225ACA}.Release|Any CPU.ActiveCfg = Release|Any CPU
		{2CF1A469-6BF5-425F-9F3D-144291225ACA}.Release|Any CPU.Build.0 = Release|Any CPU
	EndGlobalSection
	GlobalSection(SolutionProperties) = preSolution
		HideSolutionNode = FALSE
	EndGlobalSection
	GlobalSection(ExtensibilityGlobals) = postSolution
		SolutionGuid = {9D0366D1-17D3-463D-8CDF-4D6B243BED29}
	EndGlobalSection
EndGlobal
